
Microsoft Visual Studio Solution File, Format Version 12.00
# Visual Studio Version 17
VisualStudioVersion = 17.3.32922.545
MinimumVisualStudioVersion = 10.0.40219.1
Project("{FAE04EC0-301F-11D3-BF4B-00C04F79EFBC}") = "Hello_World", "Hello_World\Hello_World.csproj", "{03502A61-8C4C-41A8-A522-F95B43B34A1A}"
EndProject
Global
	GlobalSection(SolutionConfigurationPlatforms) = preSolution
		Debug|Any CPU = Debug|Any CPU
		Release|Any CPU = Release|Any CPU
	EndGlobalSection
	GlobalSection(ProjectConfigurationPlatforms) = postSolution
		{03502A61-8C4C-41A8-A522-F95B43B34A1A}.Debug|Any CPU.ActiveCfg = Debug|Any CPU
		{03502A61-8C4C-41A8-A522-F95B43B34A1A}.Debug|Any CPU.Build.0 = Debug|Any CPU
		{03502A61-8C4C-41A8-A522-F95B43B34A1A}.Release|Any CPU.ActiveCfg = Release|Any CPU
		{03502A61-8C4C-41A8-A522-F95B43B34A1A}.Release|Any CPU.Build.0 = Release|Any CPU
	EndGlobalSection
	GlobalSection(SolutionProperties) = preSolution
		HideSolutionNode = FALSE
	EndGlobalSection
	GlobalSection(ExtensibilityGlobals) = postSolution
		SolutionGuid = {22C0A8B2-D3BE-41CB-BA31-082FED9FF0EF}
	EndGlobalSection
EndGlobal
